<?xml version="1.0" encoding="utf-8"?>
<Project ToolsVersion="4.0" xmlns="http://schemas.microsoft.com/developer/msbuild/2003">
  <ItemGroup>
    <Filter Include="Source Files">
      <UniqueIdentifier>{4FC737F1-C7A5-4376-A066-2A32D752A2FF}</UniqueIdentifier>
      <Extensions>cpp;c;cc;cxx;def;odl;idl;hpj;bat;asm;asmx</Extensions>
    </Filter>
    <Filter Include="Header Files">
      <UniqueIdentifier>{93995380-89BD-4b04-88EB-625FBE52EBFB}</UniqueIdentifier>
      <Extensions>h;hpp;hxx;hm;inl;inc;xsd</Extensions>
    </Filter>
    <Filter Include="Resource Files">
      <UniqueIdentifier>{67DA6AB6-F800-4c08-8B7A-83BB121AAD01}</UniqueIdentifier>
      <Extensions>rc;ico;cur;bmp;dlg;rc2;rct;bin;rgs;gif;jpg;jpeg;jpe;resx;tiff;tif;png;wav;mfcribbon-ms</Extensions>
    </Filter>
    <Filter Include="Helper">
      <UniqueIdentifier>{6f678c0b-6237-4684-91ad-f2177d394c9f}</UniqueIdentifier>
    </Filter>
    <Filter Include="Helper\MathHelper">
      <UniqueIdentifier>{7322d515-c09a-4341-9595-4049a69feeb5}</UniqueIdentifier>
    </Filter>
    <Filter Include="Helper\RenderHelper">
      <UniqueIdentifier>{7dac4584-8f10-4194-864a-e4b2c8d6b83c}</UniqueIdentifier>
    </Filter>
    <Filter Include="Helper\GenericCodeHelper">
      <UniqueIdentifier>{427d0e18-b090-4ff9-82dd-3691a0da5461}</UniqueIdentifier>
    </Filter>
    <Filter Include="Helper\Defination">
      <UniqueIdentifier>{96aa740b-b870-4ce1-b6db-97dc7ac57b50}</UniqueIdentifier>
    </Filter>
    <Filter Include="Helper\CustomDataType">
      <UniqueIdentifier>{985bb204-a305-4649-8c14-13f7766b365c}</UniqueIdentifier>
    </Filter>
    <Filter Include="Helper\RandomGenerator">
      <UniqueIdentifier>{38787029-4425-4412-ab33-f318a693dede}</UniqueIdentifier>
    </Filter>
    <Filter Include="Character">
      <UniqueIdentifier>{067bc28f-dbf4-4ee3-8e88-78fa346dfd50}</UniqueIdentifier>
    </Filter>
    <Filter Include="Character\Player">
      <UniqueIdentifier>{f13d6020-c397-41f2-94ab-47833bf03608}</UniqueIdentifier>
    </Filter>
    <Filter Include="Character\AiMob">
      <UniqueIdentifier>{47035453-1717-4d84-8775-575478e708c1}</UniqueIdentifier>
    </Filter>
    <Filter Include="ObjectManagement">
      <UniqueIdentifier>{8eb06bad-621a-4719-942e-f5e4e708318a}</UniqueIdentifier>
    </Filter>
    <Filter Include="ObjectManagement\SpatialPartition">
      <UniqueIdentifier>{02a9a800-d3e6-49eb-8f2f-6922f298f3e1}</UniqueIdentifier>
    </Filter>
    <Filter Include="ObjectManagement\Factories">
      <UniqueIdentifier>{fbceb475-70b2-4a03-aa10-9472d303564b}</UniqueIdentifier>
    </Filter>
    <Filter Include="ObjectManagement\Interface">
      <UniqueIdentifier>{381dd402-3e07-4e8d-9936-36f9d6f59cdb}</UniqueIdentifier>
    </Filter>
    <Filter Include="AiLogic">
      <UniqueIdentifier>{c7d79654-1378-4cef-b5bf-a709b8ae0db0}</UniqueIdentifier>
    </Filter>
    <Filter Include="PowerUp">
      <UniqueIdentifier>{ec9d69d3-1188-4975-8b3d-b973bf910c18}</UniqueIdentifier>
    </Filter>
    <Filter Include="Obstacle">
      <UniqueIdentifier>{e04968e6-279e-4095-bad3-2f1f2f376788}</UniqueIdentifier>
    </Filter>
    <Filter Include="InputSystem">
      <UniqueIdentifier>{c1b4cbf5-5455-4673-aaf1-d5af491ae23d}</UniqueIdentifier>
    </Filter>
    <Filter Include="GameStates">
      <UniqueIdentifier>{817e96d1-ac1c-4bd2-b955-5cd82106ac26}</UniqueIdentifier>
    </Filter>
    <Filter Include="MusicSystem">
      <UniqueIdentifier>{aec95703-e1d5-4055-864c-dfeef01700c4}</UniqueIdentifier>
    </Filter>
    <Filter Include="UiObjects">
      <UniqueIdentifier>{66bb5c55-6e97-46e7-9f3d-6ecf4eb8f709}</UniqueIdentifier>
    </Filter>
  </ItemGroup>
  <ItemGroup>
    <ClCompile Include="main.cpp">
      <Filter>Source Files</Filter>
    </ClCompile>
    <ClCompile Include="myApplication.cpp">
      <Filter>Source Files</Filter>
    </ClCompile>
    <ClCompile Include="FrameRateManager.cpp">
      <Filter>Source Files</Filter>
    </ClCompile>
    <ClCompile Include="Vector3.cpp">
      <Filter>Helper\MathHelper</Filter>
    </ClCompile>
    <ClCompile Include="ObjLoader.c">
      <Filter>Helper\RenderHelper</Filter>
    </ClCompile>
    <ClCompile Include="tgaLoader.c">
      <Filter>Helper\RenderHelper</Filter>
    </ClCompile>
    <ClCompile Include="Matrix4x4.cpp">
      <Filter>Helper\MathHelper</Filter>
    </ClCompile>
    <ClCompile Include="RandomGeneratorSystem\RandomGenerator.cpp">
      <Filter>Helper\RandomGenerator</Filter>
    </ClCompile>
    <ClCompile Include="Map.cpp">
      <Filter>Source Files</Filter>
    </ClCompile>
    <ClCompile Include="LuaManager.cpp">
      <Filter>Source Files</Filter>
    </ClCompile>
    <ClCompile Include="Sprite.cpp">
      <Filter>Source Files</Filter>
    </ClCompile>
    <ClCompile Include="Physics.cpp">
      <Filter>Source Files</Filter>
    </ClCompile>
    <ClCompile Include="RenderUntility.cpp">
      <Filter>Helper\RenderHelper</Filter>
    </ClCompile>
    <ClCompile Include="MusicSystem\MusicSystem.cpp">
      <Filter>MusicSystem</Filter>
    </ClCompile>
    <ClCompile Include="Character.cpp">
      <Filter>Helper\RenderHelper</Filter>
    </ClCompile>
    <ClCompile Include="HealthSystem.cpp">
      <Filter>Source Files</Filter>
    </ClCompile>
    <ClCompile Include="PointSystem.cpp">
      <Filter>Source Files</Filter>
    </ClCompile>
    <ClCompile Include="WindowManager.cpp">
      <Filter>Header Files</Filter>
    </ClCompile>
    <ClCompile Include="TestBallObject.cpp">
      <Filter>ObjectManagement\SpatialPartition</Filter>
    </ClCompile>
    <ClCompile Include="SpatialPartion.cpp">
      <Filter>ObjectManagement\SpatialPartition</Filter>
    </ClCompile>
    <ClCompile Include="AIMobBuilder.cpp">
      <Filter>ObjectManagement\Factories</Filter>
    </ClCompile>
    <ClCompile Include="AIMobFactory.cpp">
      <Filter>ObjectManagement\Factories</Filter>
    </ClCompile>
    <ClCompile Include="ObstacleFactory.cpp">
      <Filter>ObjectManagement\Factories</Filter>
    </ClCompile>
    <ClCompile Include="ObstacleBuilder.cpp">
      <Filter>ObjectManagement\Factories</Filter>
    </ClCompile>
    <ClCompile Include="TestObject.cpp">
      <Filter>Source Files</Filter>
    </ClCompile>
    <ClCompile Include="PowerUpFactory.cpp">
      <Filter>ObjectManagement\Factories</Filter>
    </ClCompile>
    <ClCompile Include="PowerUpBuilder.cpp">
      <Filter>ObjectManagement\Factories</Filter>
    </ClCompile>
    <ClCompile Include="CharacterFactory.cpp">
      <Filter>ObjectManagement\Factories</Filter>
    </ClCompile>
    <ClCompile Include="CharacterBuilder.cpp">
      <Filter>ObjectManagement\Factories</Filter>
    </ClCompile>
    <ClCompile Include="ManufactureManager.cpp">
      <Filter>ObjectManagement\Interface</Filter>
    </ClCompile>
    <ClCompile Include="ObjectManager.cpp">
      <Filter>ObjectManagement\Interface</Filter>
    </ClCompile>
    <ClCompile Include="AI.cpp">
      <Filter>AiLogic</Filter>
    </ClCompile>
    <ClCompile Include="AStarPathfinding.cpp">
      <Filter>AiLogic</Filter>
    </ClCompile>
    <ClCompile Include="ChineseMale.cpp">
      <Filter>Character\Player</Filter>
    </ClCompile>
    <ClCompile Include="MalayFemale.cpp">
      <Filter>Character\Player</Filter>
    </ClCompile>
    <ClCompile Include="PowerUp.cpp">
      <Filter>PowerUp</Filter>
    </ClCompile>
    <ClCompile Include="SpeedPU.cpp">
      <Filter>PowerUp</Filter>
    </ClCompile>
    <ClCompile Include="PointsAddPU.cpp">
      <Filter>PowerUp</Filter>
    </ClCompile>
    <ClCompile Include="JumpPU.cpp">
      <Filter>PowerUp</Filter>
    </ClCompile>
    <ClCompile Include="HealthPU.cpp">
      <Filter>PowerUp</Filter>
    </ClCompile>
    <ClCompile Include="InvinciblePU.cpp">
      <Filter>PowerUp</Filter>
    </ClCompile>
    <ClCompile Include="ChineseMob.cpp">
      <Filter>Character\AiMob</Filter>
    </ClCompile>
    <ClCompile Include="MalayMob.cpp">
      <Filter>Character\AiMob</Filter>
    </ClCompile>
    <ClCompile Include="Door.cpp">
      <Filter>Obstacle</Filter>
    </ClCompile>
    <ClCompile Include="LeverDoor.cpp">
      <Filter>Obstacle</Filter>
    </ClCompile>
    <ClCompile Include="TriggerBase.cpp">
      <Filter>Obstacle</Filter>
    </ClCompile>
    <ClCompile Include="ObstacleBase.cpp">
      <Filter>Obstacle</Filter>
    </ClCompile>
    <ClCompile Include="Keyboard.cpp">
      <Filter>InputSystem</Filter>
    </ClCompile>
    <ClCompile Include="Mouse.cpp">
      <Filter>InputSystem</Filter>
    </ClCompile>
    <ClCompile Include="MalayMob.cpp">
      <Filter>Source Files</Filter>
    </ClCompile>
    <ClCompile Include="CharacterBuilder.cpp">
      <Filter>Source Files</Filter>
    </ClCompile>
    <ClCompile Include="ChineseMob.cpp">
      <Filter>Source Files</Filter>
    </ClCompile>
    <ClCompile Include="CharacterFactory.cpp">
      <Filter>Source Files</Filter>
    </ClCompile>
    <ClCompile Include="PowerUpBuilder.cpp">
      <Filter>Source Files</Filter>
    </ClCompile>
    <ClCompile Include="PowerUpFactory.cpp">
      <Filter>Source Files</Filter>
    </ClCompile>
    <ClCompile Include="WindowManager.cpp">
      <Filter>Source Files</Filter>
    </ClCompile>
    <ClCompile Include="ManufactureManager.cpp">
      <Filter>Source Files</Filter>
    </ClCompile>
    <ClCompile Include="CharacterBuilder.cpp">
      <Filter>Source Files</Filter>
    </ClCompile>
    <ClCompile Include="CharacterFactory.cpp">
      <Filter>Source Files</Filter>
    </ClCompile>
    <ClCompile Include="ChineseMob.cpp">
      <Filter>Source Files</Filter>
    </ClCompile>
    <ClCompile Include="ManufactureManager.cpp">
      <Filter>Source Files</Filter>
    </ClCompile>
    <ClCompile Include="PowerUpBuilder.cpp">
      <Filter>Source Files</Filter>
    </ClCompile>
    <ClCompile Include="PowerUpFactory.cpp">
      <Filter>Source Files</Filter>
    </ClCompile>
    <ClCompile Include="WindowManager.cpp">
      <Filter>Source Files</Filter>
    </ClCompile>
    <ClCompile Include="ChinesePoints.cpp">
      <Filter>Obstacle</Filter>
    </ClCompile>
    <ClCompile Include="MalayPoints.cpp">
      <Filter>Obstacle</Filter>
    </ClCompile>
    <ClCompile Include="BaseObject.cpp">
      <Filter>Source Files</Filter>
    </ClCompile>
    <ClCompile Include="GameState.cpp">
      <Filter>GameStates</Filter>
    </ClCompile>
    <ClCompile Include="GameStateManager.cpp">
      <Filter>GameStates</Filter>
    </ClCompile>
    <ClCompile Include="KeeYangTestState.cpp">
      <Filter>GameStates</Filter>
    </ClCompile>
    <ClCompile Include="KennardTestState.cpp">
      <Filter>GameStates</Filter>
    </ClCompile>
    <ClCompile Include="MenuState.cpp">
      <Filter>GameStates</Filter>
    </ClCompile>
    <ClCompile Include="ImageManager.cpp">
      <Filter>Source Files</Filter>
    </ClCompile>
    <ClCompile Include="UIButton.cpp">
      <Filter>UiObjects</Filter>
    </ClCompile>
    <ClCompile Include="UIButtonCircle.cpp">
      <Filter>UiObjects</Filter>
    </ClCompile>
    <ClCompile Include="UIButtonRectangle.cpp">
      <Filter>UiObjects</Filter>
    </ClCompile>
    <ClCompile Include="CreditState.cpp">
      <Filter>GameStates</Filter>
    </ClCompile>
    <ClCompile Include="OnlinePlayState.cpp">
      <Filter>GameStates</Filter>
    </ClCompile>
    <ClCompile Include="OptionState.cpp">
      <Filter>GameStates</Filter>
    </ClCompile>
    <ClCompile Include="SplashState.cpp">
      <Filter>GameStates</Filter>
    </ClCompile>
    <ClCompile Include="SpriteFadeExtend.cpp">
      <Filter>Source Files</Filter>
    </ClCompile>
  </ItemGroup>
  <ItemGroup>
    <ClInclude Include="myApplication.h">
      <Filter>Header Files</Filter>
    </ClInclude>
    <ClInclude Include="RenderUntilty.h">
      <Filter>Helper\RenderHelper</Filter>
    </ClInclude>
    <ClInclude Include="Vector3.h">
      <Filter>Helper\MathHelper</Filter>
    </ClInclude>
    <ClInclude Include="tgaLoader.h">
      <Filter>Helper\RenderHelper</Filter>
    </ClInclude>
    <ClInclude Include="ObjLoader.h">
      <Filter>Helper\RenderHelper</Filter>
    </ClInclude>
    <ClInclude Include="TextureImage.h">
      <Filter>Helper\RenderHelper</Filter>
    </ClInclude>
    <ClInclude Include="MyMath.h">
      <Filter>Helper\MathHelper</Filter>
    </ClInclude>
    <ClInclude Include="Matrix4x4.h">
      <Filter>Helper\MathHelper</Filter>
    </ClInclude>
    <ClInclude Include="FrameRateManager.h">
      <Filter>Header Files</Filter>
    </ClInclude>
    <ClInclude Include="LuaManager.h">
      <Filter>Header Files</Filter>
    </ClInclude>
    <ClInclude Include="Sprite.h">
      <Filter>Header Files</Filter>
    </ClInclude>
    <ClInclude Include="Map.h">
      <Filter>Header Files</Filter>
    </ClInclude>
    <ClInclude Include="ToolLibrary.h">
      <Filter>Helper\GenericCodeHelper</Filter>
    </ClInclude>
    <ClInclude Include="DatabaseLibrary.h">
      <Filter>Helper\GenericCodeHelper</Filter>
    </ClInclude>
    <ClInclude Include="DatatypeDefination.h">
      <Filter>Helper\Defination</Filter>
    </ClInclude>
    <ClInclude Include="SystemDefination.h">
      <Filter>Helper\Defination</Filter>
    </ClInclude>
    <ClInclude Include="Entity.h">
      <Filter>Helper\CustomDataType</Filter>
    </ClInclude>
    <ClInclude Include="SContainer2D.h">
      <Filter>Helper\CustomDataType</Filter>
    </ClInclude>
    <ClInclude Include="RandomGeneratorSystem\MathPlus.h">
      <Filter>Helper\RandomGenerator</Filter>
    </ClInclude>
    <ClInclude Include="RandomGeneratorSystem\RandomGenerator.h">
      <Filter>Helper\RandomGenerator</Filter>
    </ClInclude>
    <ClInclude Include="BaseObject.h">
      <Filter>Header Files</Filter>
    </ClInclude>
    <ClInclude Include="Physics.h">
      <Filter>Header Files</Filter>
    </ClInclude>
    <ClInclude Include="BaseObject.h">
      <Filter>Source Files</Filter>
    </ClInclude>
    <ClInclude Include="BaseObject.h">
      <Filter>Header Files</Filter>
    </ClInclude>
    <ClInclude Include="WindowManager.h">
      <Filter>Header Files</Filter>
    </ClInclude>
    <ClInclude Include="MusicSystem\Audio.h">
      <Filter>MusicSystem</Filter>
    </ClInclude>
    <ClInclude Include="MusicSystem\MusicSystem.h">
      <Filter>MusicSystem</Filter>
    </ClInclude>
    <ClInclude Include="HealthSystem.h">
      <Filter>Header Files</Filter>
    </ClInclude>
    <ClInclude Include="PointSystem.h">
      <Filter>Header Files</Filter>
    </ClInclude>
    <ClInclude Include="TestBallObject.h">
      <Filter>ObjectManagement\SpatialPartition</Filter>
    </ClInclude>
    <ClInclude Include="SpatialPartion.h">
      <Filter>ObjectManagement\SpatialPartition</Filter>
    </ClInclude>
    <ClInclude Include="PowerUpFactory.h">
      <Filter>ObjectManagement\Factories</Filter>
    </ClInclude>
    <ClInclude Include="PowerUpBuilder.h">
      <Filter>ObjectManagement\Factories</Filter>
    </ClInclude>
    <ClInclude Include="ObstacleFactory.h">
      <Filter>ObjectManagement\Factories</Filter>
    </ClInclude>
    <ClInclude Include="ObstacleBuilder.h">
      <Filter>ObjectManagement\Factories</Filter>
    </ClInclude>
    <ClInclude Include="CharacterFactory.h">
      <Filter>ObjectManagement\Factories</Filter>
    </ClInclude>
    <ClInclude Include="CharacterBuilder.h">
      <Filter>ObjectManagement\Factories</Filter>
    </ClInclude>
    <ClInclude Include="AIMobBuilder.h">
      <Filter>ObjectManagement\Factories</Filter>
    </ClInclude>
    <ClInclude Include="AIMobFactory.h">
      <Filter>ObjectManagement\Factories</Filter>
    </ClInclude>
    <ClInclude Include="ManufactureManager.h">
      <Filter>ObjectManagement\Interface</Filter>
    </ClInclude>
    <ClInclude Include="ObjectManager.h">
      <Filter>ObjectManagement\Interface</Filter>
    </ClInclude>
    <ClInclude Include="PointsAddPU.h">
      <Filter>PowerUp</Filter>
    </ClInclude>
    <ClInclude Include="SpeedPU.h">
      <Filter>PowerUp</Filter>
    </ClInclude>
    <ClInclude Include="PowerUp.h">
      <Filter>PowerUp</Filter>
    </ClInclude>
    <ClInclude Include="HealthPU.h">
      <Filter>PowerUp</Filter>
    </ClInclude>
    <ClInclude Include="JumpPU.h">
      <Filter>PowerUp</Filter>
    </ClInclude>
    <ClInclude Include="ChineseMale.h">
      <Filter>Character\Player</Filter>
    </ClInclude>
    <ClInclude Include="ChineseMob.h">
      <Filter>Character\AiMob</Filter>
    </ClInclude>
    <ClInclude Include="Character.h">
      <Filter>Character</Filter>
    </ClInclude>
    <ClInclude Include="MalayMob.h">
      <Filter>Character\AiMob</Filter>
    </ClInclude>
    <ClInclude Include="MalayFemale.h">
      <Filter>Character\Player</Filter>
    </ClInclude>
    <ClInclude Include="ObstacleBase.h">
      <Filter>Obstacle</Filter>
    </ClInclude>
    <ClInclude Include="TriggerBase.h">
      <Filter>Obstacle</Filter>
    </ClInclude>
    <ClInclude Include="AI.h">
      <Filter>AiLogic</Filter>
    </ClInclude>
    <ClInclude Include="Door.h">
      <Filter>Obstacle</Filter>
    </ClInclude>
    <ClInclude Include="Mouse.h">
      <Filter>InputSystem</Filter>
    </ClInclude>
    <ClInclude Include="Keyboard.h">
      <Filter>InputSystem</Filter>
    </ClInclude>
    <ClInclude Include="CodeDefination.h">
      <Filter>Header Files</Filter>
    </ClInclude>
    <ClInclude Include="MalayPoints.h">
      <Filter>Obstacle</Filter>
    </ClInclude>
    <ClInclude Include="ChinesePoints.h">
      <Filter>Obstacle</Filter>
    </ClInclude>
    <ClInclude Include="LeverDoor.h">
      <Filter>Obstacle</Filter>
    </ClInclude>
    <ClInclude Include="GameState.h">
      <Filter>GameStates</Filter>
    </ClInclude>
    <ClInclude Include="GameStateManager.h">
      <Filter>GameStates</Filter>
    </ClInclude>
    <ClInclude Include="KeeYangTestState.h">
      <Filter>GameStates</Filter>
    </ClInclude>
    <ClInclude Include="KennardTestState.h">
      <Filter>GameStates</Filter>
    </ClInclude>
    <ClInclude Include="MenuState.h">
      <Filter>GameStates</Filter>
    </ClInclude>
    <ClInclude Include="ImageManager.h">
      <Filter>Header Files</Filter>
    </ClInclude>
    <ClInclude Include="InvinciblePU.h">
      <Filter>PowerUp</Filter>
    </ClInclude>
    <ClInclude Include="UIButton.h">
      <Filter>UiObjects</Filter>
    </ClInclude>
    <ClInclude Include="UIButtonCircle.h">
      <Filter>UiObjects</Filter>
    </ClInclude>
    <ClInclude Include="UIButtonRectangle.h">
      <Filter>UiObjects</Filter>
    </ClInclude>
    <ClInclude Include="CreditState.h">
      <Filter>GameStates</Filter>
    </ClInclude>
    <ClInclude Include="OnlinePlayState.h">
      <Filter>GameStates</Filter>
    </ClInclude>
    <ClInclude Include="OptionState.h">
      <Filter>GameStates</Filter>
    </ClInclude>
    <ClInclude Include="SplashState.h">
      <Filter>GameStates</Filter>
    </ClInclude>
    <ClInclude Include="AllGameStateIncludes.h">
      <Filter>GameStates</Filter>
    </ClInclude>
    <ClInclude Include="AllSystemManagerIncludes.h">
      <Filter>Header Files</Filter>
    </ClInclude>
    <ClInclude Include="SpriteFadeExtend.h">
      <Filter>Header Files</Filter>
    </ClInclude>
  </ItemGroup>
  <ItemGroup>
    <None Include="RandomGeneratorSystem\Note.txt">
      <Filter>Helper\RandomGenerator</Filter>
    </None>
  </ItemGroup>
</Project>